
Microsoft Visual Studio Solution File, Format Version 12.00
# Visual Studio Version 16
VisualStudioVersion = 16.0.31624.102
MinimumVisualStudioVersion = 10.0.40219.1
Project("{8BC9CEB8-8B4A-11D0-8D11-00A0C91BC942}") = "001", "001\001.vcxproj", "{85EE7815-66B5-4008-9104-C1CD28EE2C79}"
EndProject
Project("{8BC9CEB8-8B4A-11D0-8D11-00A0C91BC942}") = "002", "002\002.vcxproj", "{D44797DF-4AD2-448A-B2C1-2B4231B43FBF}"
EndProject
Project("{8BC9CEB8-8B4A-11D0-8D11-00A0C91BC942}") = "003", "003\003.vcxproj", "{7952B27A-194E-48EE-BC3B-9CA43238F64E}"
EndProject
Project("{8BC9CEB8-8B4A-11D0-8D11-00A0C91BC942}") = "004", "004\004.vcxproj", "{21AE2864-4456-429F-86F1-DBD8BF018C6A}"
EndProject
Project("{8BC9CEB8-8B4A-11D0-8D11-00A0C91BC942}") = "005", "005\005.vcxproj", "{FB5E348A-19F4-45DD-88E7-A153330F5812}"
EndProject
Project("{8BC9CEB8-8B4A-11D0-8D11-00A0C91BC942}") = "006", "006\006.vcxproj", "{58BA276E-4DA4-46B0-AD18-1BE16C1F17B6}"
EndProject
Project("{8BC9CEB8-8B4A-11D0-8D11-00A0C91BC942}") = "007", "007\007.vcxproj", "{9FE3EFBB-00EE-4BA5-BA4A-18886C742D26}"
EndProject
Project("{8BC9CEB8-8B4A-11D0-8D11-00A0C91BC942}") = "008", "008\008.vcxproj", "{5B1874CF-3B87-4C76-8E78-E53F15382BE8}"
EndProject
Project("{8BC9CEB8-8B4A-11D0-8D11-00A0C91BC942}") = "009", "009\009.vcxproj", "{AB8B2B3E-ED11-49BB-A2B9-9245320CBF63}"
EndProject
Project("{8BC9CEB8-8B4A-11D0-8D11-00A0C91BC942}") = "010", "010\010.vcxproj", "{6244DECB-8F77-40CE-9ABB-123F72EF7139}"
EndProject
Project("{8BC9CEB8-8B4A-11D0-8D11-00A0C91BC942}") = "011", "011\011.vcxproj", "{42ED0B81-3175-4E57-BB62-FA1601E97851}"
EndProject
Project("{8BC9CEB8-8B4A-11D0-8D11-00A0C91BC942}") = "012", "012\012.vcxproj", "{8AF2CF8D-6FB2-4641-BC1F-04CB0E8906A1}"
EndProject
Project("{8BC9CEB8-8B4A-11D0-8D11-00A0C91BC942}") = "013", "013\013.vcxproj", "{005D6F20-43EF-4294-8D35-7069F750D90E}"
EndProject
Project("{8BC9CEB8-8B4A-11D0-8D11-00A0C91BC942}") = "014", "014\014.vcxproj", "{02452305-D81F-46F6-A911-15376A248627}"
EndProject
Project("{8BC9CEB8-8B4A-11D0-8D11-00A0C91BC942}") = "016", "016\016.vcxproj", "{7C8DB434-B05C-4737-95CE-C6775CBE5230}"
EndProject
Project("{8BC9CEB8-8B4A-11D0-8D11-00A0C91BC942}") = "017", "017\017.vcxproj", "{AC54435C-0C8B-42D7-B4A1-78034BC07138}"
EndProject
Project("{8BC9CEB8-8B4A-11D0-8D11-00A0C91BC942}") = "018", "018\018.vcxproj", "{A2C3AF32-C1F9-40BD-B620-EA96A96F0922}"
EndProject
Project("{8BC9CEB8-8B4A-11D0-8D11-00A0C91BC942}") = "019", "019\019.vcxproj", "{23DC7EC4-5205-44FF-8AD2-9971DB9153F7}"
EndProject
Project("{8BC9CEB8-8B4A-11D0-8D11-00A0C91BC942}") = "020", "020\020.vcxproj", "{A3BEFC39-E32D-40E6-9772-1A82AED076CB}"
EndProject
Project("{8BC9CEB8-8B4A-11D0-8D11-00A0C91BC942}") = "021", "021\021.vcxproj", "{2E24B806-0EFA-4CE0-90C0-F1ABA3B729E6}"
EndProject
Project("{8BC9CEB8-8B4A-11D0-8D11-00A0C91BC942}") = "022", "022\022.vcxproj", "{50FFCB13-F1DC-4141-99D0-136DA6B85E7A}"
EndProject
Project("{8BC9CEB8-8B4A-11D0-8D11-00A0C91BC942}") = "023", "023\023.vcxproj", "{48EC5C87-535D-4B08-878B-160B789272C4}"
EndProject
Project("{8BC9CEB8-8B4A-11D0-8D11-00A0C91BC942}") = "024", "024\024.vcxproj", "{47DA5AB0-063E-405D-BF61-4B9B06DB3ADE}"
EndProject
Project("{8BC9CEB8-8B4A-11D0-8D11-00A0C91BC942}") = "025", "026\026.vcxproj", "{41C2620A-0485-446D-83D3-A76F9CD1BE0D}"
EndProject
Project("{8BC9CEB8-8B4A-11D0-8D11-00A0C91BC942}") = "026", "025\025.vcxproj", "{C114F394-8576-4F1F-970C-B46240C7C660}"
EndProject
Project("{8BC9CEB8-8B4A-11D0-8D11-00A0C91BC942}") = "027", "027\027.vcxproj", "{5C47717A-013F-4ADF-945B-131A8D49C9AA}"
EndProject
Project("{8BC9CEB8-8B4A-11D0-8D11-00A0C91BC942}") = "028", "028\028.vcxproj", "{1930CA2B-4BBD-4901-B79D-BC30321FAFE7}"
EndProject
Project("{8BC9CEB8-8B4A-11D0-8D11-00A0C91BC942}") = "029", "029\029.vcxproj", "{1B78137A-155F-4909-9E21-57766A62CF8C}"
EndProject
Project("{8BC9CEB8-8B4A-11D0-8D11-00A0C91BC942}") = "030", "030\030.vcxproj", "{4990601A-9C93-44DF-B395-F2D2277EBD11}"
EndProject
Project("{8BC9CEB8-8B4A-11D0-8D11-00A0C91BC942}") = "031", "031\031.vcxproj", "{F294A3EA-5CCE-4D13-A288-D1D543D19AE3}"
EndProject
Project("{8BC9CEB8-8B4A-11D0-8D11-00A0C91BC942}") = "032", "032\032.vcxproj", "{5A02B826-8572-46F8-A608-F25617E9825F}"
EndProject
Project("{8BC9CEB8-8B4A-11D0-8D11-00A0C91BC942}") = "033", "033\033.vcxproj", "{E5D9B591-2395-4DC2-BC95-0CE5D9151C97}"
EndProject
Project("{8BC9CEB8-8B4A-11D0-8D11-00A0C91BC942}") = "034", "034\034.vcxproj", "{BC25AA4D-EB98-41ED-9495-C6C168598A77}"
EndProject
Project("{8BC9CEB8-8B4A-11D0-8D11-00A0C91BC942}") = "035", "035\035.vcxproj", "{CAD9225C-93E3-467C-AA8D-3A88FF1C4F69}"
EndProject
Project("{8BC9CEB8-8B4A-11D0-8D11-00A0C91BC942}") = "036", "036\036.vcxproj", "{639107B9-4C44-4B4B-A8F6-3360AB84AFBD}"
EndProject
Project("{8BC9CEB8-8B4A-11D0-8D11-00A0C91BC942}") = "037", "037\037.vcxproj", "{D2CF650C-C8AD-43CD-BA50-D22CA3809BA3}"
EndProject
Project("{8BC9CEB8-8B4A-11D0-8D11-00A0C91BC942}") = "038", "038\038.vcxproj", "{1372E727-4FDF-4C68-93B7-50937789D4C7}"
EndProject
Project("{8BC9CEB8-8B4A-11D0-8D11-00A0C91BC942}") = "039", "039\039.vcxproj", "{D4B2879E-F592-4A21-B92B-477EB0CFD4B2}"
EndProject
Project("{8BC9CEB8-8B4A-11D0-8D11-00A0C91BC942}") = "040", "040\040.vcxproj", "{B3AA7649-BD8B-431C-9329-450F68E1AC84}"
EndProject
Project("{8BC9CEB8-8B4A-11D0-8D11-00A0C91BC942}") = "041", "041\041.vcxproj", "{55C8D8DB-0DEF-4971-9E6F-04E490602991}"
EndProject
Project("{8BC9CEB8-8B4A-11D0-8D11-00A0C91BC942}") = "042", "042\042.vcxproj", "{FB761B3A-C04F-47D5-9455-0DB6FA7A1C79}"
EndProject
Project("{8BC9CEB8-8B4A-11D0-8D11-00A0C91BC942}") = "043", "043\043.vcxproj", "{44A8BB1C-6C9E-4520-8473-6C5A6250C5B3}"
EndProject
Project("{8BC9CEB8-8B4A-11D0-8D11-00A0C91BC942}") = "044", "044\044.vcxproj", "{122CF532-212E-4CC0-BD8F-7643EF117249}"
EndProject
Project("{8BC9CEB8-8B4A-11D0-8D11-00A0C91BC942}") = "045", "045\045.vcxproj", "{5F0A055C-0E73-4519-966F-3D2743EE481B}"
EndProject
Project("{8BC9CEB8-8B4A-11D0-8D11-00A0C91BC942}") = "046", "046\046.vcxproj", "{C225E1A8-33C6-4419-A197-E4D314E98579}"
EndProject
Project("{8BC9CEB8-8B4A-11D0-8D11-00A0C91BC942}") = "047", "047\047.vcxproj", "{AD60BC19-6BD5-4620-8FBC-AEDA7535DB8E}"
EndProject
Project("{8BC9CEB8-8B4A-11D0-8D11-00A0C91BC942}") = "048", "048\048.vcxproj", "{79BED994-3924-4CE8-A23A-72C05CE5DA7C}"
EndProject
Project("{8BC9CEB8-8B4A-11D0-8D11-00A0C91BC942}") = "049", "049\049.vcxproj", "{490E03A7-DA81-4A01-A53C-585577022B4B}"
EndProject
Project("{8BC9CEB8-8B4A-11D0-8D11-00A0C91BC942}") = "050", "050\050.vcxproj", "{F18A32C2-24CF-4F37-9ED7-6AADEB063B39}"
EndProject
Project("{8BC9CEB8-8B4A-11D0-8D11-00A0C91BC942}") = "051", "051\051.vcxproj", "{4D5400F8-B5DC-40CE-A52F-FAF4781DDDBF}"
EndProject
Project("{8BC9CEB8-8B4A-11D0-8D11-00A0C91BC942}") = "052", "052\052.vcxproj", "{6621B865-C1A8-4DF0-9F90-2802A9BD02DC}"
EndProject
Project("{8BC9CEB8-8B4A-11D0-8D11-00A0C91BC942}") = "053", "053\053.vcxproj", "{CB1E8F33-A1C6-4FB8-82A8-75CBF11C074B}"
EndProject
Project("{8BC9CEB8-8B4A-11D0-8D11-00A0C91BC942}") = "054", "054\054.vcxproj", "{5B11AB33-CB7D-47FA-82A1-F9FCACC0E517}"
EndProject
Project("{8BC9CEB8-8B4A-11D0-8D11-00A0C91BC942}") = "055", "055\055.vcxproj", "{AAFFFBB6-4C67-4174-B0D9-A8688D4C0CCE}"
EndProject
Project("{8BC9CEB8-8B4A-11D0-8D11-00A0C91BC942}") = "056", "056\056.vcxproj", "{E7E59977-12BC-4392-89AC-45B67182F5D1}"
EndProject
Project("{8BC9CEB8-8B4A-11D0-8D11-00A0C91BC942}") = "057", "057\057.vcxproj", "{218B8953-98C9-4D7A-9C9A-684446C867BB}"
EndProject
Project("{8BC9CEB8-8B4A-11D0-8D11-00A0C91BC942}") = "058", "058\058.vcxproj", "{AF7ACF93-BFCB-44C4-B4A5-F444479AECA3}"
EndProject
Project("{8BC9CEB8-8B4A-11D0-8D11-00A0C91BC942}") = "059", "059\059.vcxproj", "{4EBEFB19-4A61-42E5-A238-153B34D7EDA9}"
EndProject
Project("{8BC9CEB8-8B4A-11D0-8D11-00A0C91BC942}") = "060", "060\060.vcxproj", "{1537733C-CAB4-47EA-9A2B-102E2D014E4E}"
EndProject
Project("{8BC9CEB8-8B4A-11D0-8D11-00A0C91BC942}") = "061", "061\061.vcxproj", "{3C4938F4-8A5A-4ACD-A2A0-A34B7D6BED51}"
EndProject
Project("{8BC9CEB8-8B4A-11D0-8D11-00A0C91BC942}") = "062", "062\062.vcxproj", "{5AB35B6C-8774-4CA8-B23A-C8E36FE0D858}"
EndProject
Project("{8BC9CEB8-8B4A-11D0-8D11-00A0C91BC942}") = "062.2", "062.2\062.2.vcxproj", "{F81AE714-389F-4F91-ADF3-1B48553C3A8C}"
EndProject
Global
	GlobalSection(SolutionConfigurationPlatforms) = preSolution
		Debug|x64 = Debug|x64
		Debug|x86 = Debug|x86
		Release|x64 = Release|x64
		Release|x86 = Release|x86
	EndGlobalSection
	GlobalSection(ProjectConfigurationPlatforms) = postSolution
		{85EE7815-66B5-4008-9104-C1CD28EE2C79}.Debug|x64.ActiveCfg = Debug|x64
		{85EE7815-66B5-4008-9104-C1CD28EE2C79}.Debug|x64.Build.0 = Debug|x64
		{85EE7815-66B5-4008-9104-C1CD28EE2C79}.Debug|x86.ActiveCfg = Debug|Win32
		{85EE7815-66B5-4008-9104-C1CD28EE2C79}.Debug|x86.Build.0 = Debug|Win32
		{85EE7815-66B5-4008-9104-C1CD28EE2C79}.Release|x64.ActiveCfg = Release|x64
		{85EE7815-66B5-4008-9104-C1CD28EE2C79}.Release|x64.Build.0 = Release|x64
		{85EE7815-66B5-4008-9104-C1CD28EE2C79}.Release|x86.ActiveCfg = Release|Win32
		{85EE7815-66B5-4008-9104-C1CD28EE2C79}.Release|x86.Build.0 = Release|Win32
		{D44797DF-4AD2-448A-B2C1-2B4231B43FBF}.Debug|x64.ActiveCfg = Debug|x64
		{D44797DF-4AD2-448A-B2C1-2B4231B43FBF}.Debug|x64.Build.0 = Debug|x64
		{D44797DF-4AD2-448A-B2C1-2B4231B43FBF}.Debug|x86.ActiveCfg = Debug|Win32
		{D44797DF-4AD2-448A-B2C1-2B4231B43FBF}.Debug|x86.Build.0 = Debug|Win32
		{D44797DF-4AD2-448A-B2C1-2B4231B43FBF}.Release|x64.ActiveCfg = Release|x64
		{D44797DF-4AD2-448A-B2C1-2B4231B43FBF}.Release|x64.Build.0 = Release|x64
		{D44797DF-4AD2-448A-B2C1-2B4231B43FBF}.Release|x86.ActiveCfg = Release|Win32
		{D44797DF-4AD2-448A-B2C1-2B4231B43FBF}.Release|x86.Build.0 = Release|Win32
		{7952B27A-194E-48EE-BC3B-9CA43238F64E}.Debug|x64.ActiveCfg = Debug|x64
		{7952B27A-194E-48EE-BC3B-9CA43238F64E}.Debug|x64.Build.0 = Debug|x64
		{7952B27A-194E-48EE-BC3B-9CA43238F64E}.Debug|x86.ActiveCfg = Debug|Win32
		{7952B27A-194E-48EE-BC3B-9CA43238F64E}.Debug|x86.Build.0 = Debug|Win32
		{7952B27A-194E-48EE-BC3B-9CA43238F64E}.Release|x64.ActiveCfg = Release|x64
		{7952B27A-194E-48EE-BC3B-9CA43238F64E}.Release|x64.Build.0 = Release|x64
		{7952B27A-194E-48EE-BC3B-9CA43238F64E}.Release|x86.ActiveCfg = Release|Win32
		{7952B27A-194E-48EE-BC3B-9CA43238F64E}.Release|x86.Build.0 = Release|Win32
		{21AE2864-4456-429F-86F1-DBD8BF018C6A}.Debug|x64.ActiveCfg = Debug|x64
		{21AE2864-4456-429F-86F1-DBD8BF018C6A}.Debug|x64.Build.0 = Debug|x64
		{21AE2864-4456-429F-86F1-DBD8BF018C6A}.Debug|x86.ActiveCfg = Debug|Win32
		{21AE2864-4456-429F-86F1-DBD8BF018C6A}.Debug|x86.Build.0 = Debug|Win32
		{21AE2864-4456-429F-86F1-DBD8BF018C6A}.Release|x64.ActiveCfg = Release|x64
		{21AE2864-4456-429F-86F1-DBD8BF018C6A}.Release|x64.Build.0 = Release|x64
		{21AE2864-4456-429F-86F1-DBD8BF018C6A}.Release|x86.ActiveCfg = Release|Win32
		{21AE2864-4456-429F-86F1-DBD8BF018C6A}.Release|x86.Build.0 = Release|Win32
		{FB5E348A-19F4-45DD-88E7-A153330F5812}.Debug|x64.ActiveCfg = Debug|x64
		{FB5E348A-19F4-45DD-88E7-A153330F5812}.Debug|x64.Build.0 = Debug|x64
		{FB5E348A-19F4-45DD-88E7-A153330F5812}.Debug|x86.ActiveCfg = Debug|Win32
		{FB5E348A-19F4-45DD-88E7-A153330F5812}.Debug|x86.Build.0 = Debug|Win32
		{FB5E348A-19F4-45DD-88E7-A153330F5812}.Release|x64.ActiveCfg = Release|x64
		{FB5E348A-19F4-45DD-88E7-A153330F5812}.Release|x64.Build.0 = Release|x64
		{FB5E348A-19F4-45DD-88E7-A153330F5812}.Release|x86.ActiveCfg = Release|Win32
		{FB5E348A-19F4-45DD-88E7-A153330F5812}.Release|x86.Build.0 = Release|Win32
		{58BA276E-4DA4-46B0-AD18-1BE16C1F17B6}.Debug|x64.ActiveCfg = Debug|x64
		{58BA276E-4DA4-46B0-AD18-1BE16C1F17B6}.Debug|x64.Build.0 = Debug|x64
		{58BA276E-4DA4-46B0-AD18-1BE16C1F17B6}.Debug|x86.ActiveCfg = Debug|Win32
		{58BA276E-4DA4-46B0-AD18-1BE16C1F17B6}.Debug|x86.Build.0 = Debug|Win32
		{58BA276E-4DA4-46B0-AD18-1BE16C1F17B6}.Release|x64.ActiveCfg = Release|x64
		{58BA276E-4DA4-46B0-AD18-1BE16C1F17B6}.Release|x64.Build.0 = Release|x64
		{58BA276E-4DA4-46B0-AD18-1BE16C1F17B6}.Release|x86.ActiveCfg = Release|Win32
		{58BA276E-4DA4-46B0-AD18-1BE16C1F17B6}.Release|x86.Build.0 = Release|Win32
		{9FE3EFBB-00EE-4BA5-BA4A-18886C742D26}.Debug|x64.ActiveCfg = Debug|x64
		{9FE3EFBB-00EE-4BA5-BA4A-18886C742D26}.Debug|x64.Build.0 = Debug|x64
		{9FE3EFBB-00EE-4BA5-BA4A-18886C742D26}.Debug|x86.ActiveCfg = Debug|Win32
		{9FE3EFBB-00EE-4BA5-BA4A-18886C742D26}.Debug|x86.Build.0 = Debug|Win32
		{9FE3EFBB-00EE-4BA5-BA4A-18886C742D26}.Release|x64.ActiveCfg = Release|x64
		{9FE3EFBB-00EE-4BA5-BA4A-18886C742D26}.Release|x64.Build.0 = Release|x64
		{9FE3EFBB-00EE-4BA5-BA4A-18886C742D26}.Release|x86.ActiveCfg = Release|Win32
		{9FE3EFBB-00EE-4BA5-BA4A-18886C742D26}.Release|x86.Build.0 = Release|Win32
		{5B1874CF-3B87-4C76-8E78-E53F15382BE8}.Debug|x64.ActiveCfg = Debug|x64
		{5B1874CF-3B87-4C76-8E78-E53F15382BE8}.Debug|x64.Build.0 = Debug|x64
		{5B1874CF-3B87-4C76-8E78-E53F15382BE8}.Debug|x86.ActiveCfg = Debug|Win32
		{5B1874CF-3B87-4C76-8E78-E53F15382BE8}.Debug|x86.Build.0 = Debug|Win32
		{5B1874CF-3B87-4C76-8E78-E53F15382BE8}.Release|x64.ActiveCfg = Release|x64
		{5B1874CF-3B87-4C76-8E78-E53F15382BE8}.Release|x64.Build.0 = Release|x64
		{5B1874CF-3B87-4C76-8E78-E53F15382BE8}.Release|x86.ActiveCfg = Release|Win32
		{5B1874CF-3B87-4C76-8E78-E53F15382BE8}.Release|x86.Build.0 = Release|Win32
		{AB8B2B3E-ED11-49BB-A2B9-9245320CBF63}.Debug|x64.ActiveCfg = Debug|x64
		{AB8B2B3E-ED11-49BB-A2B9-9245320CBF63}.Debug|x64.Build.0 = Debug|x64
		{AB8B2B3E-ED11-49BB-A2B9-9245320CBF63}.Debug|x86.ActiveCfg = Debug|Win32
		{AB8B2B3E-ED11-49BB-A2B9-9245320CBF63}.Debug|x86.Build.0 = Debug|Win32
		{AB8B2B3E-ED11-49BB-A2B9-9245320CBF63}.Release|x64.ActiveCfg = Release|x64
		{AB8B2B3E-ED11-49BB-A2B9-9245320CBF63}.Release|x64.Build.0 = Release|x64
		{AB8B2B3E-ED11-49BB-A2B9-9245320CBF63}.Release|x86.ActiveCfg = Release|Win32
		{AB8B2B3E-ED11-49BB-A2B9-9245320CBF63}.Release|x86.Build.0 = Release|Win32
		{6244DECB-8F77-40CE-9ABB-123F72EF7139}.Debug|x64.ActiveCfg = Debug|x64
		{6244DECB-8F77-40CE-9ABB-123F72EF7139}.Debug|x64.Build.0 = Debug|x64
		{6244DECB-8F77-40CE-9ABB-123F72EF7139}.Debug|x86.ActiveCfg = Debug|Win32
		{6244DECB-8F77-40CE-9ABB-123F72EF7139}.Debug|x86.Build.0 = Debug|Win32
		{6244DECB-8F77-40CE-9ABB-123F72EF7139}.Release|x64.ActiveCfg = Release|x64
		{6244DECB-8F77-40CE-9ABB-123F72EF7139}.Release|x64.Build.0 = Release|x64
		{6244DECB-8F77-40CE-9ABB-123F72EF7139}.Release|x86.ActiveCfg = Release|Win32
		{6244DECB-8F77-40CE-9ABB-123F72EF7139}.Release|x86.Build.0 = Release|Win32
		{42ED0B81-3175-4E57-BB62-FA1601E97851}.Debug|x64.ActiveCfg = Debug|x64
		{42ED0B81-3175-4E57-BB62-FA1601E97851}.Debug|x64.Build.0 = Debug|x64
		{42ED0B81-3175-4E57-BB62-FA1601E97851}.Debug|x86.ActiveCfg = Debug|Win32
		{42ED0B81-3175-4E57-BB62-FA1601E97851}.Debug|x86.Build.0 = Debug|Win32
		{42ED0B81-3175-4E57-BB62-FA1601E97851}.Release|x64.ActiveCfg = Release|x64
		{42ED0B81-3175-4E57-BB62-FA1601E97851}.Release|x64.Build.0 = Release|x64
		{42ED0B81-3175-4E57-BB62-FA1601E97851}.Release|x86.ActiveCfg = Release|Win32
		{42ED0B81-3175-4E57-BB62-FA1601E97851}.Release|x86.Build.0 = Release|Win32
		{8AF2CF8D-6FB2-4641-BC1F-04CB0E8906A1}.Debug|x64.ActiveCfg = Debug|x64
		{8AF2CF8D-6FB2-4641-BC1F-04CB0E8906A1}.Debug|x64.Build.0 = Debug|x64
		{8AF2CF8D-6FB2-4641-BC1F-04CB0E8906A1}.Debug|x86.ActiveCfg = Debug|Win32
		{8AF2CF8D-6FB2-4641-BC1F-04CB0E8906A1}.Debug|x86.Build.0 = Debug|Win32
		{8AF2CF8D-6FB2-4641-BC1F-04CB0E8906A1}.Release|x64.ActiveCfg = Release|x64
		{8AF2CF8D-6FB2-4641-BC1F-04CB0E8906A1}.Release|x64.Build.0 = Release|x64
		{8AF2CF8D-6FB2-4641-BC1F-04CB0E8906A1}.Release|x86.ActiveCfg = Release|Win32
		{8AF2CF8D-6FB2-4641-BC1F-04CB0E8906A1}.Release|x86.Build.0 = Release|Win32
		{005D6F20-43EF-4294-8D35-7069F750D90E}.Debug|x64.ActiveCfg = Debug|x64
		{005D6F20-43EF-4294-8D35-7069F750D90E}.Debug|x64.Build.0 = Debug|x64
		{005D6F20-43EF-4294-8D35-7069F750D90E}.Debug|x86.ActiveCfg = Debug|Win32
		{005D6F20-43EF-4294-8D35-7069F750D90E}.Debug|x86.Build.0 = Debug|Win32
		{005D6F20-43EF-4294-8D35-7069F750D90E}.Release|x64.ActiveCfg = Release|x64
		{005D6F20-43EF-4294-8D35-7069F750D90E}.Release|x64.Build.0 = Release|x64
		{005D6F20-43EF-4294-8D35-7069F750D90E}.Release|x86.ActiveCfg = Release|Win32
		{005D6F20-43EF-4294-8D35-7069F750D90E}.Release|x86.Build.0 = Release|Win32
		{02452305-D81F-46F6-A911-15376A248627}.Debug|x64.ActiveCfg = Debug|x64
		{02452305-D81F-46F6-A911-15376A248627}.Debug|x64.Build.0 = Debug|x64
		{02452305-D81F-46F6-A911-15376A248627}.Debug|x86.ActiveCfg = Debug|Win32
		{02452305-D81F-46F6-A911-15376A248627}.Debug|x86.Build.0 = Debug|Win32
		{02452305-D81F-46F6-A911-15376A248627}.Release|x64.ActiveCfg = Release|x64
		{02452305-D81F-46F6-A911-15376A248627}.Release|x64.Build.0 = Release|x64
		{02452305-D81F-46F6-A911-15376A248627}.Release|x86.ActiveCfg = Release|Win32
		{02452305-D81F-46F6-A911-15376A248627}.Release|x86.Build.0 = Release|Win32
		{7C8DB434-B05C-4737-95CE-C6775CBE5230}.Debug|x64.ActiveCfg = Debug|x64
		{7C8DB434-B05C-4737-95CE-C6775CBE5230}.Debug|x64.Build.0 = Debug|x64
		{7C8DB434-B05C-4737-95CE-C6775CBE5230}.Debug|x86.ActiveCfg = Debug|Win32
		{7C8DB434-B05C-4737-95CE-C6775CBE5230}.Debug|x86.Build.0 = Debug|Win32
		{7C8DB434-B05C-4737-95CE-C6775CBE5230}.Release|x64.ActiveCfg = Release|x64
		{7C8DB434-B05C-4737-95CE-C6775CBE5230}.Release|x64.Build.0 = Release|x64
		{7C8DB434-B05C-4737-95CE-C6775CBE5230}.Release|x86.ActiveCfg = Release|Win32
		{7C8DB434-B05C-4737-95CE-C6775CBE5230}.Release|x86.Build.0 = Release|Win32
		{AC54435C-0C8B-42D7-B4A1-78034BC07138}.Debug|x64.ActiveCfg = Debug|x64
		{AC54435C-0C8B-42D7-B4A1-78034BC07138}.Debug|x64.Build.0 = Debug|x64
		{AC54435C-0C8B-42D7-B4A1-78034BC07138}.Debug|x86.ActiveCfg = Debug|Win32
		{AC54435C-0C8B-42D7-B4A1-78034BC07138}.Debug|x86.Build.0 = Debug|Win32
		{AC54435C-0C8B-42D7-B4A1-78034BC07138}.Release|x64.ActiveCfg = Release|x64
		{AC54435C-0C8B-42D7-B4A1-78034BC07138}.Release|x64.Build.0 = Release|x64
		{AC54435C-0C8B-42D7-B4A1-78034BC07138}.Release|x86.ActiveCfg = Release|Win32
		{AC54435C-0C8B-42D7-B4A1-78034BC07138}.Release|x86.Build.0 = Release|Win32
		{A2C3AF32-C1F9-40BD-B620-EA96A96F0922}.Debug|x64.ActiveCfg = Debug|x64
		{A2C3AF32-C1F9-40BD-B620-EA96A96F0922}.Debug|x64.Build.0 = Debug|x64
		{A2C3AF32-C1F9-40BD-B620-EA96A96F0922}.Debug|x86.ActiveCfg = Debug|Win32
		{A2C3AF32-C1F9-40BD-B620-EA96A96F0922}.Debug|x86.Build.0 = Debug|Win32
		{A2C3AF32-C1F9-40BD-B620-EA96A96F0922}.Release|x64.ActiveCfg = Release|x64
		{A2C3AF32-C1F9-40BD-B620-EA96A96F0922}.Release|x64.Build.0 = Release|x64
		{A2C3AF32-C1F9-40BD-B620-EA96A96F0922}.Release|x86.ActiveCfg = Release|Win32
		{A2C3AF32-C1F9-40BD-B620-EA96A96F0922}.Release|x86.Build.0 = Release|Win32
		{23DC7EC4-5205-44FF-8AD2-9971DB9153F7}.Debug|x64.ActiveCfg = Debug|x64
		{23DC7EC4-5205-44FF-8AD2-9971DB9153F7}.Debug|x64.Build.0 = Debug|x64
		{23DC7EC4-5205-44FF-8AD2-9971DB9153F7}.Debug|x86.ActiveCfg = Debug|Win32
		{23DC7EC4-5205-44FF-8AD2-9971DB9153F7}.Debug|x86.Build.0 = Debug|Win32
		{23DC7EC4-5205-44FF-8AD2-9971DB9153F7}.Release|x64.ActiveCfg = Release|x64
		{23DC7EC4-5205-44FF-8AD2-9971DB9153F7}.Release|x64.Build.0 = Release|x64
		{23DC7EC4-5205-44FF-8AD2-9971DB9153F7}.Release|x86.ActiveCfg = Release|Win32
		{23DC7EC4-5205-44FF-8AD2-9971DB9153F7}.Release|x86.Build.0 = Release|Win32
		{A3BEFC39-E32D-40E6-9772-1A82AED076CB}.Debug|x64.ActiveCfg = Debug|x64
		{A3BEFC39-E32D-40E6-9772-1A82AED076CB}.Debug|x64.Build.0 = Debug|x64
		{A3BEFC39-E32D-40E6-9772-1A82AED076CB}.Debug|x86.ActiveCfg = Debug|Win32
		{A3BEFC39-E32D-40E6-9772-1A82AED076CB}.Debug|x86.Build.0 = Debug|Win32
		{A3BEFC39-E32D-40E6-9772-1A82AED076CB}.Release|x64.ActiveCfg = Release|x64
		{A3BEFC39-E32D-40E6-9772-1A82AED076CB}.Release|x64.Build.0 = Release|x64
		{A3BEFC39-E32D-40E6-9772-1A82AED076CB}.Release|x86.ActiveCfg = Release|Win32
		{A3BEFC39-E32D-40E6-9772-1A82AED076CB}.Release|x86.Build.0 = Release|Win32
		{2E24B806-0EFA-4CE0-90C0-F1ABA3B729E6}.Debug|x64.ActiveCfg = Debug|x64
		{2E24B806-0EFA-4CE0-90C0-F1ABA3B729E6}.Debug|x64.Build.0 = Debug|x64
		{2E24B806-0EFA-4CE0-90C0-F1ABA3B729E6}.Debug|x86.ActiveCfg = Debug|Win32
		{2E24B806-0EFA-4CE0-90C0-F1ABA3B729E6}.Debug|x86.Build.0 = Debug|Win32
		{2E24B806-0EFA-4CE0-90C0-F1ABA3B729E6}.Release|x64.ActiveCfg = Release|x64
		{2E24B806-0EFA-4CE0-90C0-F1ABA3B729E6}.Release|x64.Build.0 = Release|x64
		{2E24B806-0EFA-4CE0-90C0-F1ABA3B729E6}.Release|x86.ActiveCfg = Release|Win32
		{2E24B806-0EFA-4CE0-90C0-F1ABA3B729E6}.Release|x86.Build.0 = Release|Win32
		{50FFCB13-F1DC-4141-99D0-136DA6B85E7A}.Debug|x64.ActiveCfg = Debug|x64
		{50FFCB13-F1DC-4141-99D0-136DA6B85E7A}.Debug|x64.Build.0 = Debug|x64
		{50FFCB13-F1DC-4141-99D0-136DA6B85E7A}.Debug|x86.ActiveCfg = Debug|Win32
		{50FFCB13-F1DC-4141-99D0-136DA6B85E7A}.Debug|x86.Build.0 = Debug|Win32
		{50FFCB13-F1DC-4141-99D0-136DA6B85E7A}.Release|x64.ActiveCfg = Release|x64
		{50FFCB13-F1DC-4141-99D0-136DA6B85E7A}.Release|x64.Build.0 = Release|x64
		{50FFCB13-F1DC-4141-99D0-136DA6B85E7A}.Release|x86.ActiveCfg = Release|Win32
		{50FFCB13-F1DC-4141-99D0-136DA6B85E7A}.Release|x86.Build.0 = Release|Win32
		{48EC5C87-535D-4B08-878B-160B789272C4}.Debug|x64.ActiveCfg = Debug|x64
		{48EC5C87-535D-4B08-878B-160B789272C4}.Debug|x64.Build.0 = Debug|x64
		{48EC5C87-535D-4B08-878B-160B789272C4}.Debug|x86.ActiveCfg = Debug|Win32
		{48EC5C87-535D-4B08-878B-160B789272C4}.Debug|x86.Build.0 = Debug|Win32
		{48EC5C87-535D-4B08-878B-160B789272C4}.Release|x64.ActiveCfg = Release|x64
		{48EC5C87-535D-4B08-878B-160B789272C4}.Release|x64.Build.0 = Release|x64
		{48EC5C87-535D-4B08-878B-160B789272C4}.Release|x86.ActiveCfg = Release|Win32
		{48EC5C87-535D-4B08-878B-160B789272C4}.Release|x86.Build.0 = Release|Win32
		{47DA5AB0-063E-405D-BF61-4B9B06DB3ADE}.Debug|x64.ActiveCfg = Debug|x64
		{47DA5AB0-063E-405D-BF61-4B9B06DB3ADE}.Debug|x64.Build.0 = Debug|x64
		{47DA5AB0-063E-405D-BF61-4B9B06DB3ADE}.Debug|x86.ActiveCfg = Debug|Win32
		{47DA5AB0-063E-405D-BF61-4B9B06DB3ADE}.Debug|x86.Build.0 = Debug|Win32
		{47DA5AB0-063E-405D-BF61-4B9B06DB3ADE}.Release|x64.ActiveCfg = Release|x64
		{47DA5AB0-063E-405D-BF61-4B9B06DB3ADE}.Release|x64.Build.0 = Release|x64
		{47DA5AB0-063E-405D-BF61-4B9B06DB3ADE}.Release|x86.ActiveCfg = Release|Win32
		{47DA5AB0-063E-405D-BF61-4B9B06DB3ADE}.Release|x86.Build.0 = Release|Win32
		{41C2620A-0485-446D-83D3-A76F9CD1BE0D}.Debug|x64.ActiveCfg = Debug|x64
		{41C2620A-0485-446D-83D3-A76F9CD1BE0D}.Debug|x64.Build.0 = Debug|x64
		{41C2620A-0485-446D-83D3-A76F9CD1BE0D}.Debug|x86.ActiveCfg = Debug|Win32
		{41C2620A-0485-446D-83D3-A76F9CD1BE0D}.Debug|x86.Build.0 = Debug|Win32
		{41C2620A-0485-446D-83D3-A76F9CD1BE0D}.Release|x64.ActiveCfg = Release|x64
		{41C2620A-0485-446D-83D3-A76F9CD1BE0D}.Release|x64.Build.0 = Release|x64
		{41C2620A-0485-446D-83D3-A76F9CD1BE0D}.Release|x86.ActiveCfg = Release|Win32
		{41C2620A-0485-446D-83D3-A76F9CD1BE0D}.Release|x86.Build.0 = Release|Win32
		{C114F394-8576-4F1F-970C-B46240C7C660}.Debug|x64.ActiveCfg = Debug|x64
		{C114F394-8576-4F1F-970C-B46240C7C660}.Debug|x64.Build.0 = Debug|x64
		{C114F394-8576-4F1F-970C-B46240C7C660}.Debug|x86.ActiveCfg = Debug|Win32
		{C114F394-8576-4F1F-970C-B46240C7C660}.Debug|x86.Build.0 = Debug|Win32
		{C114F394-8576-4F1F-970C-B46240C7C660}.Release|x64.ActiveCfg = Release|x64
		{C114F394-8576-4F1F-970C-B46240C7C660}.Release|x64.Build.0 = Release|x64
		{C114F394-8576-4F1F-970C-B46240C7C660}.Release|x86.ActiveCfg = Release|Win32
		{C114F394-8576-4F1F-970C-B46240C7C660}.Release|x86.Build.0 = Release|Win32
		{5C47717A-013F-4ADF-945B-131A8D49C9AA}.Debug|x64.ActiveCfg = Debug|x64
		{5C47717A-013F-4ADF-945B-131A8D49C9AA}.Debug|x64.Build.0 = Debug|x64
		{5C47717A-013F-4ADF-945B-131A8D49C9AA}.Debug|x86.ActiveCfg = Debug|Win32
		{5C47717A-013F-4ADF-945B-131A8D49C9AA}.Debug|x86.Build.0 = Debug|Win32
		{5C47717A-013F-4ADF-945B-131A8D49C9AA}.Release|x64.ActiveCfg = Release|x64
		{5C47717A-013F-4ADF-945B-131A8D49C9AA}.Release|x64.Build.0 = Release|x64
		{5C47717A-013F-4ADF-945B-131A8D49C9AA}.Release|x86.ActiveCfg = Release|Win32
		{5C47717A-013F-4ADF-945B-131A8D49C9AA}.Release|x86.Build.0 = Release|Win32
		{1930CA2B-4BBD-4901-B79D-BC30321FAFE7}.Debug|x64.ActiveCfg = Debug|x64
		{1930CA2B-4BBD-4901-B79D-BC30321FAFE7}.Debug|x64.Build.0 = Debug|x64
		{1930CA2B-4BBD-4901-B79D-BC30321FAFE7}.Debug|x86.ActiveCfg = Debug|Win32
		{1930CA2B-4BBD-4901-B79D-BC30321FAFE7}.Debug|x86.Build.0 = Debug|Win32
		{1930CA2B-4BBD-4901-B79D-BC30321FAFE7}.Release|x64.ActiveCfg = Release|x64
		{1930CA2B-4BBD-4901-B79D-BC30321FAFE7}.Release|x64.Build.0 = Release|x64
		{1930CA2B-4BBD-4901-B79D-BC30321FAFE7}.Release|x86.ActiveCfg = Release|Win32
		{1930CA2B-4BBD-4901-B79D-BC30321FAFE7}.Release|x86.Build.0 = Release|Win32
		{1B78137A-155F-4909-9E21-57766A62CF8C}.Debug|x64.ActiveCfg = Debug|x64
		{1B78137A-155F-4909-9E21-57766A62CF8C}.Debug|x64.Build.0 = Debug|x64
		{1B78137A-155F-4909-9E21-57766A62CF8C}.Debug|x86.ActiveCfg = Debug|Win32
		{1B78137A-155F-4909-9E21-57766A62CF8C}.Debug|x86.Build.0 = Debug|Win32
		{1B78137A-155F-4909-9E21-57766A62CF8C}.Release|x64.ActiveCfg = Release|x64
		{1B78137A-155F-4909-9E21-57766A62CF8C}.Release|x64.Build.0 = Release|x64
		{1B78137A-155F-4909-9E21-57766A62CF8C}.Release|x86.ActiveCfg = Release|Win32
		{1B78137A-155F-4909-9E21-57766A62CF8C}.Release|x86.Build.0 = Release|Win32
		{4990601A-9C93-44DF-B395-F2D2277EBD11}.Debug|x64.ActiveCfg = Debug|x64
		{4990601A-9C93-44DF-B395-F2D2277EBD11}.Debug|x64.Build.0 = Debug|x64
		{4990601A-9C93-44DF-B395-F2D2277EBD11}.Debug|x86.ActiveCfg = Debug|Win32
		{4990601A-9C93-44DF-B395-F2D2277EBD11}.Debug|x86.Build.0 = Debug|Win32
		{4990601A-9C93-44DF-B395-F2D2277EBD11}.Release|x64.ActiveCfg = Release|x64
		{4990601A-9C93-44DF-B395-F2D2277EBD11}.Release|x64.Build.0 = Release|x64
		{4990601A-9C93-44DF-B395-F2D2277EBD11}.Release|x86.ActiveCfg = Release|Win32
		{4990601A-9C93-44DF-B395-F2D2277EBD11}.Release|x86.Build.0 = Release|Win32
		{F294A3EA-5CCE-4D13-A288-D1D543D19AE3}.Debug|x64.ActiveCfg = Debug|x64
		{F294A3EA-5CCE-4D13-A288-D1D543D19AE3}.Debug|x64.Build.0 = Debug|x64
		{F294A3EA-5CCE-4D13-A288-D1D543D19AE3}.Debug|x86.ActiveCfg = Debug|Win32
		{F294A3EA-5CCE-4D13-A288-D1D543D19AE3}.Debug|x86.Build.0 = Debug|Win32
		{F294A3EA-5CCE-4D13-A288-D1D543D19AE3}.Release|x64.ActiveCfg = Release|x64
		{F294A3EA-5CCE-4D13-A288-D1D543D19AE3}.Release|x64.Build.0 = Release|x64
		{F294A3EA-5CCE-4D13-A288-D1D543D19AE3}.Release|x86.ActiveCfg = Release|Win32
		{F294A3EA-5CCE-4D13-A288-D1D543D19AE3}.Release|x86.Build.0 = Release|Win32
		{5A02B826-8572-46F8-A608-F25617E9825F}.Debug|x64.ActiveCfg = Debug|x64
		{5A02B826-8572-46F8-A608-F25617E9825F}.Debug|x64.Build.0 = Debug|x64
		{5A02B826-8572-46F8-A608-F25617E9825F}.Debug|x86.ActiveCfg = Debug|Win32
		{5A02B826-8572-46F8-A608-F25617E9825F}.Debug|x86.Build.0 = Debug|Win32
		{5A02B826-8572-46F8-A608-F25617E9825F}.Release|x64.ActiveCfg = Release|x64
		{5A02B826-8572-46F8-A608-F25617E9825F}.Release|x64.Build.0 = Release|x64
		{5A02B826-8572-46F8-A608-F25617E9825F}.Release|x86.ActiveCfg = Release|Win32
		{5A02B826-8572-46F8-A608-F25617E9825F}.Release|x86.Build.0 = Release|Win32
		{E5D9B591-2395-4DC2-BC95-0CE5D9151C97}.Debug|x64.ActiveCfg = Debug|x64
		{E5D9B591-2395-4DC2-BC95-0CE5D9151C97}.Debug|x64.Build.0 = Debug|x64
		{E5D9B591-2395-4DC2-BC95-0CE5D9151C97}.Debug|x86.ActiveCfg = Debug|Win32
		{E5D9B591-2395-4DC2-BC95-0CE5D9151C97}.Debug|x86.Build.0 = Debug|Win32
		{E5D9B591-2395-4DC2-BC95-0CE5D9151C97}.Release|x64.ActiveCfg = Release|x64
		{E5D9B591-2395-4DC2-BC95-0CE5D9151C97}.Release|x64.Build.0 = Release|x64
		{E5D9B591-2395-4DC2-BC95-0CE5D9151C97}.Release|x86.ActiveCfg = Release|Win32
		{E5D9B591-2395-4DC2-BC95-0CE5D9151C97}.Release|x86.Build.0 = Release|Win32
		{BC25AA4D-EB98-41ED-9495-C6C168598A77}.Debug|x64.ActiveCfg = Debug|x64
		{BC25AA4D-EB98-41ED-9495-C6C168598A77}.Debug|x64.Build.0 = Debug|x64
		{BC25AA4D-EB98-41ED-9495-C6C168598A77}.Debug|x86.ActiveCfg = Debug|Win32
		{BC25AA4D-EB98-41ED-9495-C6C168598A77}.Debug|x86.Build.0 = Debug|Win32
		{BC25AA4D-EB98-41ED-9495-C6C168598A77}.Release|x64.ActiveCfg = Release|x64
		{BC25AA4D-EB98-41ED-9495-C6C168598A77}.Release|x64.Build.0 = Release|x64
		{BC25AA4D-EB98-41ED-9495-C6C168598A77}.Release|x86.ActiveCfg = Release|Win32
		{BC25AA4D-EB98-41ED-9495-C6C168598A77}.Release|x86.Build.0 = Release|Win32
		{CAD9225C-93E3-467C-AA8D-3A88FF1C4F69}.Debug|x64.ActiveCfg = Debug|x64
		{CAD9225C-93E3-467C-AA8D-3A88FF1C4F69}.Debug|x64.Build.0 = Debug|x64
		{CAD9225C-93E3-467C-AA8D-3A88FF1C4F69}.Debug|x86.ActiveCfg = Debug|Win32
		{CAD9225C-93E3-467C-AA8D-3A88FF1C4F69}.Debug|x86.Build.0 = Debug|Win32
		{CAD9225C-93E3-467C-AA8D-3A88FF1C4F69}.Release|x64.ActiveCfg = Release|x64
		{CAD9225C-93E3-467C-AA8D-3A88FF1C4F69}.Release|x64.Build.0 = Release|x64
		{CAD9225C-93E3-467C-AA8D-3A88FF1C4F69}.Release|x86.ActiveCfg = Release|Win32
		{CAD9225C-93E3-467C-AA8D-3A88FF1C4F69}.Release|x86.Build.0 = Release|Win32
		{639107B9-4C44-4B4B-A8F6-3360AB84AFBD}.Debug|x64.ActiveCfg = Debug|x64
		{639107B9-4C44-4B4B-A8F6-3360AB84AFBD}.Debug|x64.Build.0 = Debug|x64
		{639107B9-4C44-4B4B-A8F6-3360AB84AFBD}.Debug|x86.ActiveCfg = Debug|Win32
		{639107B9-4C44-4B4B-A8F6-3360AB84AFBD}.Debug|x86.Build.0 = Debug|Win32
		{639107B9-4C44-4B4B-A8F6-3360AB84AFBD}.Release|x64.ActiveCfg = Release|x64
		{639107B9-4C44-4B4B-A8F6-3360AB84AFBD}.Release|x64.Build.0 = Release|x64
		{639107B9-4C44-4B4B-A8F6-3360AB84AFBD}.Release|x86.ActiveCfg = Release|Win32
		{639107B9-4C44-4B4B-A8F6-3360AB84AFBD}.Release|x86.Build.0 = Release|Win32
		{D2CF650C-C8AD-43CD-BA50-D22CA3809BA3}.Debug|x64.ActiveCfg = Debug|x64
		{D2CF650C-C8AD-43CD-BA50-D22CA3809BA3}.Debug|x64.Build.0 = Debug|x64
		{D2CF650C-C8AD-43CD-BA50-D22CA3809BA3}.Debug|x86.ActiveCfg = Debug|Win32
		{D2CF650C-C8AD-43CD-BA50-D22CA3809BA3}.Debug|x86.Build.0 = Debug|Win32
		{D2CF650C-C8AD-43CD-BA50-D22CA3809BA3}.Release|x64.ActiveCfg = Release|x64
		{D2CF650C-C8AD-43CD-BA50-D22CA3809BA3}.Release|x64.Build.0 = Release|x64
		{D2CF650C-C8AD-43CD-BA50-D22CA3809BA3}.Release|x86.ActiveCfg = Release|Win32
		{D2CF650C-C8AD-43CD-BA50-D22CA3809BA3}.Release|x86.Build.0 = Release|Win32
		{1372E727-4FDF-4C68-93B7-50937789D4C7}.Debug|x64.ActiveCfg = Debug|x64
		{1372E727-4FDF-4C68-93B7-50937789D4C7}.Debug|x64.Build.0 = Debug|x64
		{1372E727-4FDF-4C68-93B7-50937789D4C7}.Debug|x86.ActiveCfg = Debug|Win32
		{1372E727-4FDF-4C68-93B7-50937789D4C7}.Debug|x86.Build.0 = Debug|Win32
		{1372E727-4FDF-4C68-93B7-50937789D4C7}.Release|x64.ActiveCfg = Release|x64
		{1372E727-4FDF-4C68-93B7-50937789D4C7}.Release|x64.Build.0 = Release|x64
		{1372E727-4FDF-4C68-93B7-50937789D4C7}.Release|x86.ActiveCfg = Release|Win32
		{1372E727-4FDF-4C68-93B7-50937789D4C7}.Release|x86.Build.0 = Release|Win32
		{D4B2879E-F592-4A21-B92B-477EB0CFD4B2}.Debug|x64.ActiveCfg = Debug|x64
		{D4B2879E-F592-4A21-B92B-477EB0CFD4B2}.Debug|x64.Build.0 = Debug|x64
		{D4B2879E-F592-4A21-B92B-477EB0CFD4B2}.Debug|x86.ActiveCfg = Debug|Win32
		{D4B2879E-F592-4A21-B92B-477EB0CFD4B2}.Debug|x86.Build.0 = Debug|Win32
		{D4B2879E-F592-4A21-B92B-477EB0CFD4B2}.Release|x64.ActiveCfg = Release|x64
		{D4B2879E-F592-4A21-B92B-477EB0CFD4B2}.Release|x64.Build.0 = Release|x64
		{D4B2879E-F592-4A21-B92B-477EB0CFD4B2}.Release|x86.ActiveCfg = Release|Win32
		{D4B2879E-F592-4A21-B92B-477EB0CFD4B2}.Release|x86.Build.0 = Release|Win32
		{B3AA7649-BD8B-431C-9329-450F68E1AC84}.Debug|x64.ActiveCfg = Debug|x64
		{B3AA7649-BD8B-431C-9329-450F68E1AC84}.Debug|x64.Build.0 = Debug|x64
		{B3AA7649-BD8B-431C-9329-450F68E1AC84}.Debug|x86.ActiveCfg = Debug|Win32
		{B3AA7649-BD8B-431C-9329-450F68E1AC84}.Debug|x86.Build.0 = Debug|Win32
		{B3AA7649-BD8B-431C-9329-450F68E1AC84}.Release|x64.ActiveCfg = Release|x64
		{B3AA7649-BD8B-431C-9329-450F68E1AC84}.Release|x64.Build.0 = Release|x64
		{B3AA7649-BD8B-431C-9329-450F68E1AC84}.Release|x86.ActiveCfg = Release|Win32
		{B3AA7649-BD8B-431C-9329-450F68E1AC84}.Release|x86.Build.0 = Release|Win32
		{55C8D8DB-0DEF-4971-9E6F-04E490602991}.Debug|x64.ActiveCfg = Debug|x64
		{55C8D8DB-0DEF-4971-9E6F-04E490602991}.Debug|x64.Build.0 = Debug|x64
		{55C8D8DB-0DEF-4971-9E6F-04E490602991}.Debug|x86.ActiveCfg = Debug|Win32
		{55C8D8DB-0DEF-4971-9E6F-04E490602991}.Debug|x86.Build.0 = Debug|Win32
		{55C8D8DB-0DEF-4971-9E6F-04E490602991}.Release|x64.ActiveCfg = Release|x64
		{55C8D8DB-0DEF-4971-9E6F-04E490602991}.Release|x64.Build.0 = Release|x64
		{55C8D8DB-0DEF-4971-9E6F-04E490602991}.Release|x86.ActiveCfg = Release|Win32
		{55C8D8DB-0DEF-4971-9E6F-04E490602991}.Release|x86.Build.0 = Release|Win32
		{FB761B3A-C04F-47D5-9455-0DB6FA7A1C79}.Debug|x64.ActiveCfg = Debug|x64
		{FB761B3A-C04F-47D5-9455-0DB6FA7A1C79}.Debug|x64.Build.0 = Debug|x64
		{FB761B3A-C04F-47D5-9455-0DB6FA7A1C79}.Debug|x86.ActiveCfg = Debug|Win32
		{FB761B3A-C04F-47D5-9455-0DB6FA7A1C79}.Debug|x86.Build.0 = Debug|Win32
		{FB761B3A-C04F-47D5-9455-0DB6FA7A1C79}.Release|x64.ActiveCfg = Release|x64
		{FB761B3A-C04F-47D5-9455-0DB6FA7A1C79}.Release|x64.Build.0 = Release|x64
		{FB761B3A-C04F-47D5-9455-0DB6FA7A1C79}.Release|x86.ActiveCfg = Release|Win32
		{FB761B3A-C04F-47D5-9455-0DB6FA7A1C79}.Release|x86.Build.0 = Release|Win32
		{44A8BB1C-6C9E-4520-8473-6C5A6250C5B3}.Debug|x64.ActiveCfg = Debug|x64
		{44A8BB1C-6C9E-4520-8473-6C5A6250C5B3}.Debug|x64.Build.0 = Debug|x64
		{44A8BB1C-6C9E-4520-8473-6C5A6250C5B3}.Debug|x86.ActiveCfg = Debug|Win32
		{44A8BB1C-6C9E-4520-8473-6C5A6250C5B3}.Debug|x86.Build.0 = Debug|Win32
		{44A8BB1C-6C9E-4520-8473-6C5A6250C5B3}.Release|x64.ActiveCfg = Release|x64
		{44A8BB1C-6C9E-4520-8473-6C5A6250C5B3}.Release|x64.Build.0 = Release|x64
		{44A8BB1C-6C9E-4520-8473-6C5A6250C5B3}.Release|x86.ActiveCfg = Release|Win32
		{44A8BB1C-6C9E-4520-8473-6C5A6250C5B3}.Release|x86.Build.0 = Release|Win32
		{122CF532-212E-4CC0-BD8F-7643EF117249}.Debug|x64.ActiveCfg = Debug|x64
		{122CF532-212E-4CC0-BD8F-7643EF117249}.Debug|x64.Build.0 = Debug|x64
		{122CF532-212E-4CC0-BD8F-7643EF117249}.Debug|x86.ActiveCfg = Debug|Win32
		{122CF532-212E-4CC0-BD8F-7643EF117249}.Debug|x86.Build.0 = Debug|Win32
		{122CF532-212E-4CC0-BD8F-7643EF117249}.Release|x64.ActiveCfg = Release|x64
		{122CF532-212E-4CC0-BD8F-7643EF117249}.Release|x64.Build.0 = Release|x64
		{122CF532-212E-4CC0-BD8F-7643EF117249}.Release|x86.ActiveCfg = Release|Win32
		{122CF532-212E-4CC0-BD8F-7643EF117249}.Release|x86.Build.0 = Release|Win32
		{5F0A055C-0E73-4519-966F-3D2743EE481B}.Debug|x64.ActiveCfg = Debug|x64
		{5F0A055C-0E73-4519-966F-3D2743EE481B}.Debug|x64.Build.0 = Debug|x64
		{5F0A055C-0E73-4519-966F-3D2743EE481B}.Debug|x86.ActiveCfg = Debug|Win32
		{5F0A055C-0E73-4519-966F-3D2743EE481B}.Debug|x86.Build.0 = Debug|Win32
		{5F0A055C-0E73-4519-966F-3D2743EE481B}.Release|x64.ActiveCfg = Release|x64
		{5F0A055C-0E73-4519-966F-3D2743EE481B}.Release|x64.Build.0 = Release|x64
		{5F0A055C-0E73-4519-966F-3D2743EE481B}.Release|x86.ActiveCfg = Release|Win32
		{5F0A055C-0E73-4519-966F-3D2743EE481B}.Release|x86.Build.0 = Release|Win32
		{C225E1A8-33C6-4419-A197-E4D314E98579}.Debug|x64.ActiveCfg = Debug|x64
		{C225E1A8-33C6-4419-A197-E4D314E98579}.Debug|x64.Build.0 = Debug|x64
		{C225E1A8-33C6-4419-A197-E4D314E98579}.Debug|x86.ActiveCfg = Debug|Win32
		{C225E1A8-33C6-4419-A197-E4D314E98579}.Debug|x86.Build.0 = Debug|Win32
		{C225E1A8-33C6-4419-A197-E4D314E98579}.Release|x64.ActiveCfg = Release|x64
		{C225E1A8-33C6-4419-A197-E4D314E98579}.Release|x64.Build.0 = Release|x64
		{C225E1A8-33C6-4419-A197-E4D314E98579}.Release|x86.ActiveCfg = Release|Win32
		{C225E1A8-33C6-4419-A197-E4D314E98579}.Release|x86.Build.0 = Release|Win32
		{AD60BC19-6BD5-4620-8FBC-AEDA7535DB8E}.Debug|x64.ActiveCfg = Debug|x64
		{AD60BC19-6BD5-4620-8FBC-AEDA7535DB8E}.Debug|x64.Build.0 = Debug|x64
		{AD60BC19-6BD5-4620-8FBC-AEDA7535DB8E}.Debug|x86.ActiveCfg = Debug|Win32
		{AD60BC19-6BD5-4620-8FBC-AEDA7535DB8E}.Debug|x86.Build.0 = Debug|Win32
		{AD60BC19-6BD5-4620-8FBC-AEDA7535DB8E}.Release|x64.ActiveCfg = Release|x64
		{AD60BC19-6BD5-4620-8FBC-AEDA7535DB8E}.Release|x64.Build.0 = Release|x64
		{AD60BC19-6BD5-4620-8FBC-AEDA7535DB8E}.Release|x86.ActiveCfg = Release|Win32
		{AD60BC19-6BD5-4620-8FBC-AEDA7535DB8E}.Release|x86.Build.0 = Release|Win32
		{79BED994-3924-4CE8-A23A-72C05CE5DA7C}.Debug|x64.ActiveCfg = Debug|x64
		{79BED994-3924-4CE8-A23A-72C05CE5DA7C}.Debug|x64.Build.0 = Debug|x64
		{79BED994-3924-4CE8-A23A-72C05CE5DA7C}.Debug|x86.ActiveCfg = Debug|Win32
		{79BED994-3924-4CE8-A23A-72C05CE5DA7C}.Debug|x86.Build.0 = Debug|Win32
		{79BED994-3924-4CE8-A23A-72C05CE5DA7C}.Release|x64.ActiveCfg = Release|x64
		{79BED994-3924-4CE8-A23A-72C05CE5DA7C}.Release|x64.Build.0 = Release|x64
		{79BED994-3924-4CE8-A23A-72C05CE5DA7C}.Release|x86.ActiveCfg = Release|Win32
		{79BED994-3924-4CE8-A23A-72C05CE5DA7C}.Release|x86.Build.0 = Release|Win32
		{490E03A7-DA81-4A01-A53C-585577022B4B}.Debug|x64.ActiveCfg = Debug|x64
		{490E03A7-DA81-4A01-A53C-585577022B4B}.Debug|x64.Build.0 = Debug|x64
		{490E03A7-DA81-4A01-A53C-585577022B4B}.Debug|x86.ActiveCfg = Debug|Win32
		{490E03A7-DA81-4A01-A53C-585577022B4B}.Debug|x86.Build.0 = Debug|Win32
		{490E03A7-DA81-4A01-A53C-585577022B4B}.Release|x64.ActiveCfg = Release|x64
		{490E03A7-DA81-4A01-A53C-585577022B4B}.Release|x64.Build.0 = Release|x64
		{490E03A7-DA81-4A01-A53C-585577022B4B}.Release|x86.ActiveCfg = Release|Win32
		{490E03A7-DA81-4A01-A53C-585577022B4B}.Release|x86.Build.0 = Release|Win32
		{F18A32C2-24CF-4F37-9ED7-6AADEB063B39}.Debug|x64.ActiveCfg = Debug|x64
		{F18A32C2-24CF-4F37-9ED7-6AADEB063B39}.Debug|x64.Build.0 = Debug|x64
		{F18A32C2-24CF-4F37-9ED7-6AADEB063B39}.Debug|x86.ActiveCfg = Debug|Win32
		{F18A32C2-24CF-4F37-9ED7-6AADEB063B39}.Debug|x86.Build.0 = Debug|Win32
		{F18A32C2-24CF-4F37-9ED7-6AADEB063B39}.Release|x64.ActiveCfg = Release|x64
		{F18A32C2-24CF-4F37-9ED7-6AADEB063B39}.Release|x64.Build.0 = Release|x64
		{F18A32C2-24CF-4F37-9ED7-6AADEB063B39}.Release|x86.ActiveCfg = Release|Win32
		{F18A32C2-24CF-4F37-9ED7-6AADEB063B39}.Release|x86.Build.0 = Release|Win32
		{4D5400F8-B5DC-40CE-A52F-FAF4781DDDBF}.Debug|x64.ActiveCfg = Debug|x64
		{4D5400F8-B5DC-40CE-A52F-FAF4781DDDBF}.Debug|x64.Build.0 = Debug|x64
		{4D5400F8-B5DC-40CE-A52F-FAF4781DDDBF}.Debug|x86.ActiveCfg = Debug|Win32
		{4D5400F8-B5DC-40CE-A52F-FAF4781DDDBF}.Debug|x86.Build.0 = Debug|Win32
		{4D5400F8-B5DC-40CE-A52F-FAF4781DDDBF}.Release|x64.ActiveCfg = Release|x64
		{4D5400F8-B5DC-40CE-A52F-FAF4781DDDBF}.Release|x64.Build.0 = Release|x64
		{4D5400F8-B5DC-40CE-A52F-FAF4781DDDBF}.Release|x86.ActiveCfg = Release|Win32
		{4D5400F8-B5DC-40CE-A52F-FAF4781DDDBF}.Release|x86.Build.0 = Release|Win32
		{6621B865-C1A8-4DF0-9F90-2802A9BD02DC}.Debug|x64.ActiveCfg = Debug|x64
		{6621B865-C1A8-4DF0-9F90-2802A9BD02DC}.Debug|x64.Build.0 = Debug|x64
		{6621B865-C1A8-4DF0-9F90-2802A9BD02DC}.Debug|x86.ActiveCfg = Debug|Win32
		{6621B865-C1A8-4DF0-9F90-2802A9BD02DC}.Debug|x86.Build.0 = Debug|Win32
		{6621B865-C1A8-4DF0-9F90-2802A9BD02DC}.Release|x64.ActiveCfg = Release|x64
		{6621B865-C1A8-4DF0-9F90-2802A9BD02DC}.Release|x64.Build.0 = Release|x64
		{6621B865-C1A8-4DF0-9F90-2802A9BD02DC}.Release|x86.ActiveCfg = Release|Win32
		{6621B865-C1A8-4DF0-9F90-2802A9BD02DC}.Release|x86.Build.0 = Release|Win32
		{CB1E8F33-A1C6-4FB8-82A8-75CBF11C074B}.Debug|x64.ActiveCfg = Debug|x64
		{CB1E8F33-A1C6-4FB8-82A8-75CBF11C074B}.Debug|x64.Build.0 = Debug|x64
		{CB1E8F33-A1C6-4FB8-82A8-75CBF11C074B}.Debug|x86.ActiveCfg = Debug|Win32
		{CB1E8F33-A1C6-4FB8-82A8-75CBF11C074B}.Debug|x86.Build.0 = Debug|Win32
		{CB1E8F33-A1C6-4FB8-82A8-75CBF11C074B}.Release|x64.ActiveCfg = Release|x64
		{CB1E8F33-A1C6-4FB8-82A8-75CBF11C074B}.Release|x64.Build.0 = Release|x64
		{CB1E8F33-A1C6-4FB8-82A8-75CBF11C074B}.Release|x86.ActiveCfg = Release|Win32
		{CB1E8F33-A1C6-4FB8-82A8-75CBF11C074B}.Release|x86.Build.0 = Release|Win32
		{5B11AB33-CB7D-47FA-82A1-F9FCACC0E517}.Debug|x64.ActiveCfg = Debug|x64
		{5B11AB33-CB7D-47FA-82A1-F9FCACC0E517}.Debug|x64.Build.0 = Debug|x64
		{5B11AB33-CB7D-47FA-82A1-F9FCACC0E517}.Debug|x86.ActiveCfg = Debug|Win32
		{5B11AB33-CB7D-47FA-82A1-F9FCACC0E517}.Debug|x86.Build.0 = Debug|Win32
		{5B11AB33-CB7D-47FA-82A1-F9FCACC0E517}.Release|x64.ActiveCfg = Release|x64
		{5B11AB33-CB7D-47FA-82A1-F9FCACC0E517}.Release|x64.Build.0 = Release|x64
		{5B11AB33-CB7D-47FA-82A1-F9FCACC0E517}.Release|x86.ActiveCfg = Release|Win32
		{5B11AB33-CB7D-47FA-82A1-F9FCACC0E517}.Release|x86.Build.0 = Release|Win32
		{AAFFFBB6-4C67-4174-B0D9-A8688D4C0CCE}.Debug|x64.ActiveCfg = Debug|x64
		{AAFFFBB6-4C67-4174-B0D9-A8688D4C0CCE}.Debug|x64.Build.0 = Debug|x64
		{AAFFFBB6-4C67-4174-B0D9-A8688D4C0CCE}.Debug|x86.ActiveCfg = Debug|Win32
		{AAFFFBB6-4C67-4174-B0D9-A8688D4C0CCE}.Debug|x86.Build.0 = Debug|Win32
		{AAFFFBB6-4C67-4174-B0D9-A8688D4C0CCE}.Release|x64.ActiveCfg = Release|x64
		{AAFFFBB6-4C67-4174-B0D9-A8688D4C0CCE}.Release|x64.Build.0 = Release|x64
		{AAFFFBB6-4C67-4174-B0D9-A8688D4C0CCE}.Release|x86.ActiveCfg = Release|Win32
		{AAFFFBB6-4C67-4174-B0D9-A8688D4C0CCE}.Release|x86.Build.0 = Release|Win32
		{E7E59977-12BC-4392-89AC-45B67182F5D1}.Debug|x64.ActiveCfg = Debug|x64
		{E7E59977-12BC-4392-89AC-45B67182F5D1}.Debug|x64.Build.0 = Debug|x64
		{E7E59977-12BC-4392-89AC-45B67182F5D1}.Debug|x86.ActiveCfg = Debug|Win32
		{E7E59977-12BC-4392-89AC-45B67182F5D1}.Debug|x86.Build.0 = Debug|Win32
		{E7E59977-12BC-4392-89AC-45B67182F5D1}.Release|x64.ActiveCfg = Release|x64
		{E7E59977-12BC-4392-89AC-45B67182F5D1}.Release|x64.Build.0 = Release|x64
		{E7E59977-12BC-4392-89AC-45B67182F5D1}.Release|x86.ActiveCfg = Release|Win32
		{E7E59977-12BC-4392-89AC-45B67182F5D1}.Release|x86.Build.0 = Release|Win32
		{218B8953-98C9-4D7A-9C9A-684446C867BB}.Debug|x64.ActiveCfg = Debug|x64
		{218B8953-98C9-4D7A-9C9A-684446C867BB}.Debug|x64.Build.0 = Debug|x64
		{218B8953-98C9-4D7A-9C9A-684446C867BB}.Debug|x86.ActiveCfg = Debug|Win32
		{218B8953-98C9-4D7A-9C9A-684446C867BB}.Debug|x86.Build.0 = Debug|Win32
		{218B8953-98C9-4D7A-9C9A-684446C867BB}.Release|x64.ActiveCfg = Release|x64
		{218B8953-98C9-4D7A-9C9A-684446C867BB}.Release|x64.Build.0 = Release|x64
		{218B8953-98C9-4D7A-9C9A-684446C867BB}.Release|x86.ActiveCfg = Release|Win32
		{218B8953-98C9-4D7A-9C9A-684446C867BB}.Release|x86.Build.0 = Release|Win32
		{AF7ACF93-BFCB-44C4-B4A5-F444479AECA3}.Debug|x64.ActiveCfg = Debug|x64
		{AF7ACF93-BFCB-44C4-B4A5-F444479AECA3}.Debug|x64.Build.0 = Debug|x64
		{AF7ACF93-BFCB-44C4-B4A5-F444479AECA3}.Debug|x86.ActiveCfg = Debug|Win32
		{AF7ACF93-BFCB-44C4-B4A5-F444479AECA3}.Debug|x86.Build.0 = Debug|Win32
		{AF7ACF93-BFCB-44C4-B4A5-F444479AECA3}.Release|x64.ActiveCfg = Release|x64
		{AF7ACF93-BFCB-44C4-B4A5-F444479AECA3}.Release|x64.Build.0 = Release|x64
		{AF7ACF93-BFCB-44C4-B4A5-F444479AECA3}.Release|x86.ActiveCfg = Release|Win32
		{AF7ACF93-BFCB-44C4-B4A5-F444479AECA3}.Release|x86.Build.0 = Release|Win32
		{4EBEFB19-4A61-42E5-A238-153B34D7EDA9}.Debug|x64.ActiveCfg = Debug|x64
		{4EBEFB19-4A61-42E5-A238-153B34D7EDA9}.Debug|x64.Build.0 = Debug|x64
		{4EBEFB19-4A61-42E5-A238-153B34D7EDA9}.Debug|x86.ActiveCfg = Debug|Win32
		{4EBEFB19-4A61-42E5-A238-153B34D7EDA9}.Debug|x86.Build.0 = Debug|Win32
		{4EBEFB19-4A61-42E5-A238-153B34D7EDA9}.Release|x64.ActiveCfg = Release|x64
		{4EBEFB19-4A61-42E5-A238-153B34D7EDA9}.Release|x64.Build.0 = Release|x64
		{4EBEFB19-4A61-42E5-A238-153B34D7EDA9}.Release|x86.ActiveCfg = Release|Win32
		{4EBEFB19-4A61-42E5-A238-153B34D7EDA9}.Release|x86.Build.0 = Release|Win32
		{1537733C-CAB4-47EA-9A2B-102E2D014E4E}.Debug|x64.ActiveCfg = Debug|x64
		{1537733C-CAB4-47EA-9A2B-102E2D014E4E}.Debug|x64.Build.0 = Debug|x64
		{1537733C-CAB4-47EA-9A2B-102E2D014E4E}.Debug|x86.ActiveCfg = Debug|Win32
		{1537733C-CAB4-47EA-9A2B-102E2D014E4E}.Debug|x86.Build.0 = Debug|Win32
		{1537733C-CAB4-47EA-9A2B-102E2D014E4E}.Release|x64.ActiveCfg = Release|x64
		{1537733C-CAB4-47EA-9A2B-102E2D014E4E}.Release|x64.Build.0 = Release|x64
		{1537733C-CAB4-47EA-9A2B-102E2D014E4E}.Release|x86.ActiveCfg = Release|Win32
		{1537733C-CAB4-47EA-9A2B-102E2D014E4E}.Release|x86.Build.0 = Release|Win32
		{3C4938F4-8A5A-4ACD-A2A0-A34B7D6BED51}.Debug|x64.ActiveCfg = Debug|x64
		{3C4938F4-8A5A-4ACD-A2A0-A34B7D6BED51}.Debug|x64.Build.0 = Debug|x64
		{3C4938F4-8A5A-4ACD-A2A0-A34B7D6BED51}.Debug|x86.ActiveCfg = Debug|Win32
		{3C4938F4-8A5A-4ACD-A2A0-A34B7D6BED51}.Debug|x86.Build.0 = Debug|Win32
		{3C4938F4-8A5A-4ACD-A2A0-A34B7D6BED51}.Release|x64.ActiveCfg = Release|x64
		{3C4938F4-8A5A-4ACD-A2A0-A34B7D6BED51}.Release|x64.Build.0 = Release|x64
		{3C4938F4-8A5A-4ACD-A2A0-A34B7D6BED51}.Release|x86.ActiveCfg = Release|Win32
		{3C4938F4-8A5A-4ACD-A2A0-A34B7D6BED51}.Release|x86.Build.0 = Release|Win32
		{5AB35B6C-8774-4CA8-B23A-C8E36FE0D858}.Debug|x64.ActiveCfg = Debug|x64
		{5AB35B6C-8774-4CA8-B23A-C8E36FE0D858}.Debug|x64.Build.0 = Debug|x64
		{5AB35B6C-8774-4CA8-B23A-C8E36FE0D858}.Debug|x86.ActiveCfg = Debug|Win32
		{5AB35B6C-8774-4CA8-B23A-C8E36FE0D858}.Debug|x86.Build.0 = Debug|Win32
		{5AB35B6C-8774-4CA8-B23A-C8E36FE0D858}.Release|x64.ActiveCfg = Release|x64
		{5AB35B6C-8774-4CA8-B23A-C8E36FE0D858}.Release|x64.Build.0 = Release|x64
		{5AB35B6C-8774-4CA8-B23A-C8E36FE0D858}.Release|x86.ActiveCfg = Release|Win32
		{5AB35B6C-8774-4CA8-B23A-C8E36FE0D858}.Release|x86.Build.0 = Release|Win32
		{F81AE714-389F-4F91-ADF3-1B48553C3A8C}.Debug|x64.ActiveCfg = Debug|x64
		{F81AE714-389F-4F91-ADF3-1B48553C3A8C}.Debug|x64.Build.0 = Debug|x64
		{F81AE714-389F-4F91-ADF3-1B48553C3A8C}.Debug|x86.ActiveCfg = Debug|Win32
		{F81AE714-389F-4F91-ADF3-1B48553C3A8C}.Debug|x86.Build.0 = Debug|Win32
		{F81AE714-389F-4F91-ADF3-1B48553C3A8C}.Release|x64.ActiveCfg = Release|x64
		{F81AE714-389F-4F91-ADF3-1B48553C3A8C}.Release|x64.Build.0 = Release|x64
		{F81AE714-389F-4F91-ADF3-1B48553C3A8C}.Release|x86.ActiveCfg = Release|Win32
		{F81AE714-389F-4F91-ADF3-1B48553C3A8C}.Release|x86.Build.0 = Release|Win32
	EndGlobalSection
	GlobalSection(SolutionProperties) = preSolution
		HideSolutionNode = FALSE
	EndGlobalSection
	GlobalSection(ExtensibilityGlobals) = postSolution
		SolutionGuid = {713B7DA2-895B-4298-B5F1-3468F68E836B}
	EndGlobalSection
EndGlobal
